
Microsoft Visual Studio Solution File, Format Version 12.00
# Visual Studio 15
Project("{FAE04EC0-301F-11D3-BF4B-00C04F79EFBC}") = "PracticeNotebook", "PracticeNotebook\PracticeNotebook.csproj", "{F7E04021-2A02-462C-9490-4880130E9C55}"
EndProject
Project("{FAE04EC0-301F-11D3-BF4B-00C04F79EFBC}") = "PracticeNotebook.Data.Repository", "PracticeNotebook.Data.Repository\PracticeNotebook.Data.Repository.csproj", "{4095F9C8-F8EE-4FF4-8909-EF96F5EBF9CD}"
EndProject
Project("{FAE04EC0-301F-11D3-BF4B-00C04F79EFBC}") = "PracticeNotebook.Services", "PracticeNotebook.Services\PracticeNotebook.Services.csproj", "{8E179668-0185-4F20-9113-91DDF6E7D447}"
EndProject
Project("{FAE04EC0-301F-11D3-BF4B-00C04F79EFBC}") = "PracticeNotebook.Model", "PracticeNotebook.Model\PracticeNotebook.Model.csproj", "{8E15020D-84A3-4EC0-81B5-3F0F63253E60}"
EndProject
Project("{FAE04EC0-301F-11D3-BF4B-00C04F79EFBC}") = "PracticeNotebook.LINQ", "PracticeNotebook.LINQ\PracticeNotebook.LINQ.csproj", "{FED9F4C9-CB67-4200-B886-6A0F4BDB95A7}"
EndProject
Project("{FAE04EC0-301F-11D3-BF4B-00C04F79EFBC}") = "PracticeNotebook.Dapper", "PracticeNotebook.Dapper\PracticeNotebook.Dapper.csproj", "{0B0F9411-EBAA-4C2F-B520-A9BF4614494D}"
EndProject
Project("{FAE04EC0-301F-11D3-BF4B-00C04F79EFBC}") = "PracticeNotebook.Algorithms", "PracticeNotebook.Algorithms\PracticeNotebook.Algorithms.csproj", "{FAC682AB-C3E2-41C0-B56C-107BB792ED00}"
EndProject
Project("{FAE04EC0-301F-11D3-BF4B-00C04F79EFBC}") = "PracticeNotebook.EF", "PracticeNotebook.EF\PracticeNotebook.EF.csproj", "{1168C194-1AA1-481D-85FC-C5AD767691AB}"
EndProject
Project("{FAE04EC0-301F-11D3-BF4B-00C04F79EFBC}") = "PracticeNotebook.CSharpLanguage", "PracticeNotebook.CSharpLanguage\PracticeNotebook.CSharpLanguage.csproj", "{0B0FAB4E-9DBF-4465-8EC0-C64D1E698691}"
EndProject
Global
	GlobalSection(SolutionConfigurationPlatforms) = preSolution
		Debug|Any CPU = Debug|Any CPU
		Release|Any CPU = Release|Any CPU
	EndGlobalSection
	GlobalSection(ProjectConfigurationPlatforms) = postSolution
		{F7E04021-2A02-462C-9490-4880130E9C55}.Debug|Any CPU.ActiveCfg = Debug|Any CPU
		{F7E04021-2A02-462C-9490-4880130E9C55}.Debug|Any CPU.Build.0 = Debug|Any CPU
		{F7E04021-2A02-462C-9490-4880130E9C55}.Release|Any CPU.ActiveCfg = Release|Any CPU
		{F7E04021-2A02-462C-9490-4880130E9C55}.Release|Any CPU.Build.0 = Release|Any CPU
		{4095F9C8-F8EE-4FF4-8909-EF96F5EBF9CD}.Debug|Any CPU.ActiveCfg = Debug|Any CPU
		{4095F9C8-F8EE-4FF4-8909-EF96F5EBF9CD}.Debug|Any CPU.Build.0 = Debug|Any CPU
		{4095F9C8-F8EE-4FF4-8909-EF96F5EBF9CD}.Release|Any CPU.ActiveCfg = Release|Any CPU
		{4095F9C8-F8EE-4FF4-8909-EF96F5EBF9CD}.Release|Any CPU.Build.0 = Release|Any CPU
		{8E179668-0185-4F20-9113-91DDF6E7D447}.Debug|Any CPU.ActiveCfg = Debug|Any CPU
		{8E179668-0185-4F20-9113-91DDF6E7D447}.Debug|Any CPU.Build.0 = Debug|Any CPU
		{8E179668-0185-4F20-9113-91DDF6E7D447}.Release|Any CPU.ActiveCfg = Release|Any CPU
		{8E179668-0185-4F20-9113-91DDF6E7D447}.Release|Any CPU.Build.0 = Release|Any CPU
		{8E15020D-84A3-4EC0-81B5-3F0F63253E60}.Debug|Any CPU.ActiveCfg = Debug|Any CPU
		{8E15020D-84A3-4EC0-81B5-3F0F63253E60}.Debug|Any CPU.Build.0 = Debug|Any CPU
		{8E15020D-84A3-4EC0-81B5-3F0F63253E60}.Release|Any CPU.ActiveCfg = Release|Any CPU
		{8E15020D-84A3-4EC0-81B5-3F0F63253E60}.Release|Any CPU.Build.0 = Release|Any CPU
		{FED9F4C9-CB67-4200-B886-6A0F4BDB95A7}.Debug|Any CPU.ActiveCfg = Debug|Any CPU
		{FED9F4C9-CB67-4200-B886-6A0F4BDB95A7}.Debug|Any CPU.Build.0 = Debug|Any CPU
		{FED9F4C9-CB67-4200-B886-6A0F4BDB95A7}.Release|Any CPU.ActiveCfg = Release|Any CPU
		{FED9F4C9-CB67-4200-B886-6A0F4BDB95A7}.Release|Any CPU.Build.0 = Release|Any CPU
		{0B0F9411-EBAA-4C2F-B520-A9BF4614494D}.Debug|Any CPU.ActiveCfg = Debug|Any CPU
		{0B0F9411-EBAA-4C2F-B520-A9BF4614494D}.Debug|Any CPU.Build.0 = Debug|Any CPU
		{0B0F9411-EBAA-4C2F-B520-A9BF4614494D}.Release|Any CPU.ActiveCfg = Release|Any CPU
		{0B0F9411-EBAA-4C2F-B520-A9BF4614494D}.Release|Any CPU.Build.0 = Release|Any CPU
		{FAC682AB-C3E2-41C0-B56C-107BB792ED00}.Debug|Any CPU.ActiveCfg = Debug|Any CPU
		{FAC682AB-C3E2-41C0-B56C-107BB792ED00}.Debug|Any CPU.Build.0 = Debug|Any CPU
		{FAC682AB-C3E2-41C0-B56C-107BB792ED00}.Release|Any CPU.ActiveCfg = Release|Any CPU
		{FAC682AB-C3E2-41C0-B56C-107BB792ED00}.Release|Any CPU.Build.0 = Release|Any CPU
		{1168C194-1AA1-481D-85FC-C5AD767691AB}.Debug|Any CPU.ActiveCfg = Debug|Any CPU
		{1168C194-1AA1-481D-85FC-C5AD767691AB}.Debug|Any CPU.Build.0 = Debug|Any CPU
		{1168C194-1AA1-481D-85FC-C5AD767691AB}.Release|Any CPU.ActiveCfg = Release|Any CPU
		{1168C194-1AA1-481D-85FC-C5AD767691AB}.Release|Any CPU.Build.0 = Release|Any CPU
		{0B0FAB4E-9DBF-4465-8EC0-C64D1E698691}.Debug|Any CPU.ActiveCfg = Debug|Any CPU
		{0B0FAB4E-9DBF-4465-8EC0-C64D1E698691}.Debug|Any CPU.Build.0 = Debug|Any CPU
		{0B0FAB4E-9DBF-4465-8EC0-C64D1E698691}.Release|Any CPU.ActiveCfg = Release|Any CPU
		{0B0FAB4E-9DBF-4465-8EC0-C64D1E698691}.Release|Any CPU.Build.0 = Release|Any CPU
	EndGlobalSection
	GlobalSection(NestedProjects) = preSolution
	EndGlobalSection
EndGlobal
